
Microsoft Visual Studio Solution File, Format Version 12.00
# Visual Studio 15
VisualStudioVersion = 15.0.27703.2042
MinimumVisualStudioVersion = 10.0.40219.1
Project("{FAE04EC0-301F-11D3-BF4B-00C04F79EFBC}") = "PubSub.Publisher", "PubSub.Publisher\PubSub.Publisher.csproj", "{D0B161F7-96BF-41F7-84A3-B97FD1E5DDD1}"
EndProject
Project("{FAE04EC0-301F-11D3-BF4B-00C04F79EFBC}") = "PubSub.Messages", "PubSub.Messages\PubSub.Messages.csproj", "{EEFA2B4C-923E-4E48-828C-A128313C5B6F}"
EndProject
Project("{FAE04EC0-301F-11D3-BF4B-00C04F79EFBC}") = "PubSub.Subscriber2", "PubSub.Subscriber2\PubSub.Subscriber2.csproj", "{5015A877-A716-424E-8A21-4C4793496085}"
EndProject
Project("{FAE04EC0-301F-11D3-BF4B-00C04F79EFBC}") = "PubSub.Subscriber1", "PubSub.Subscriber1\PubSub.Subscriber1.csproj", "{63227C7C-985D-4624-808F-78E3C4C25794}"
EndProject
Global
	GlobalSection(SolutionConfigurationPlatforms) = preSolution
		Debug|Any CPU = Debug|Any CPU
		Release|Any CPU = Release|Any CPU
	EndGlobalSection
	GlobalSection(ProjectConfigurationPlatforms) = postSolution
		{D0B161F7-96BF-41F7-84A3-B97FD1E5DDD1}.Debug|Any CPU.ActiveCfg = Debug|Any CPU
		{D0B161F7-96BF-41F7-84A3-B97FD1E5DDD1}.Debug|Any CPU.Build.0 = Debug|Any CPU
		{D0B161F7-96BF-41F7-84A3-B97FD1E5DDD1}.Release|Any CPU.ActiveCfg = Release|Any CPU
		{D0B161F7-96BF-41F7-84A3-B97FD1E5DDD1}.Release|Any CPU.Build.0 = Release|Any CPU
		{EEFA2B4C-923E-4E48-828C-A128313C5B6F}.Debug|Any CPU.ActiveCfg = Debug|Any CPU
		{EEFA2B4C-923E-4E48-828C-A128313C5B6F}.Debug|Any CPU.Build.0 = Debug|Any CPU
		{EEFA2B4C-923E-4E48-828C-A128313C5B6F}.Release|Any CPU.ActiveCfg = Release|Any CPU
		{EEFA2B4C-923E-4E48-828C-A128313C5B6F}.Release|Any CPU.Build.0 = Release|Any CPU
		{5015A877-A716-424E-8A21-4C4793496085}.Debug|Any CPU.ActiveCfg = Debug|Any CPU
		{5015A877-A716-424E-8A21-4C4793496085}.Debug|Any CPU.Build.0 = Debug|Any CPU
		{5015A877-A716-424E-8A21-4C4793496085}.Release|Any CPU.ActiveCfg = Release|Any CPU
		{5015A877-A716-424E-8A21-4C4793496085}.Release|Any CPU.Build.0 = Release|Any CPU
		{63227C7C-985D-4624-808F-78E3C4C25794}.Debug|Any CPU.ActiveCfg = Debug|Any CPU
		{63227C7C-985D-4624-808F-78E3C4C25794}.Debug|Any CPU.Build.0 = Debug|Any CPU
		{63227C7C-985D-4624-808F-78E3C4C25794}.Release|Any CPU.ActiveCfg = Release|Any CPU
		{63227C7C-985D-4624-808F-78E3C4C25794}.Release|Any CPU.Build.0 = Release|Any CPU
	EndGlobalSection
	GlobalSection(SolutionProperties) = preSolution
		HideSolutionNode = FALSE
	EndGlobalSection
	GlobalSection(ExtensibilityGlobals) = postSolution
		SolutionGuid = {22AC5CBB-6E0A-470F-95B1-3CAC21BDF825}
	EndGlobalSection
EndGlobal
